# THIS IS AN AUTOGENERATED FILE. DO NOT EDIT THIS FILE DIRECTLY.
# yarn lockfile v1


"@types/faker@^4.1.11":
  version "4.1.11"
  resolved "https://registry.yarnpkg.com/@types/faker/-/faker-4.1.11.tgz#07911f1a39aeeaeec71d8efa0f93ef0eeafd3462"
  integrity sha512-iL7khABWgMH53FDfQNYtbFDJXjM3G97KswtyVMUP9XBSt9c+33L1TsXI+mx+EgnoOcuSp12qZae6hLCxGcq7yg==

"@types/googlemaps@^3.39.3":
  version "3.39.3"
  resolved "https://registry.yarnpkg.com/@types/googlemaps/-/googlemaps-3.39.3.tgz#8664e424f335802c8aa46a94676666b0a0f31d97"
  integrity sha512-L8O9HAVFZj0TuiS8h5ORthiMsrrhjxTC8XUusp5k47oXCst4VTm+qWKvrAvmYMybZVokbp4Udco1mNwJrTNZPQ==

faker@^4.1.0:
  version "4.1.0"
  resolved "https://registry.yarnpkg.com/faker/-/faker-4.1.0.tgz#1e45bbbecc6774b3c195fad2835109c6d748cc3f"
  integrity sha1-HkW7vsxndLPBlfrSg1EJxtdIzD8=

typescript@^3.8.3:
  version "3.8.3"
  resolved "https://registry.yarnpkg.com/typescript/-/typescript-3.8.3.tgz#409eb8544ea0335711205869ec458ab109ee1061"
  integrity sha512-MYlEfn5VrLNsgudQTVJeNaQFUAI7DkhnOjdpAp4T+ku1TfQClewlbSuTVHiA+8skNBgaf02TL/kLOvig4y3G8w==
